
Microsoft Visual Studio Solution File, Format Version 12.00
# Visual Studio 15
Project("{FAE04EC0-301F-11D3-BF4B-00C04F79EFBC}") = "NN and Ga Cars Drive", "Assembly-CSharp.csproj", "{A672F197-1CEB-62BE-3BD9-A59E0FFF989F}"
EndProject
Global
	GlobalSection(SolutionConfigurationPlatforms) = preSolution
		Debug|Any CPU = Debug|Any CPU
		Release|Any CPU = Release|Any CPU
	EndGlobalSection
	GlobalSection(ProjectConfigurationPlatforms) = postSolution
		{A672F197-1CEB-62BE-3BD9-A59E0FFF989F}.Debug|Any CPU.ActiveCfg = Debug|Any CPU
		{A672F197-1CEB-62BE-3BD9-A59E0FFF989F}.Debug|Any CPU.Build.0 = Debug|Any CPU
		{A672F197-1CEB-62BE-3BD9-A59E0FFF989F}.Release|Any CPU.ActiveCfg = Release|Any CPU
		{A672F197-1CEB-62BE-3BD9-A59E0FFF989F}.Release|Any CPU.Build.0 = Release|Any CPU
	EndGlobalSection
	GlobalSection(SolutionProperties) = preSolution
		HideSolutionNode = FALSE
	EndGlobalSection
EndGlobal
